
Microsoft Visual Studio Solution File, Format Version 12.00
# Visual Studio Version 17
VisualStudioVersion = 17.5.33530.505
MinimumVisualStudioVersion = 10.0.40219.1
Project("{FAE04EC0-301F-11D3-BF4B-00C04F79EFBC}") = "EngineForTrading", "EngineForTrading\EngineForTrading.csproj", "{A768ADB2-1DFC-4747-8DD2-3A44EFADFB5B}"
EndProject
Project("{FAE04EC0-301F-11D3-BF4B-00C04F79EFBC}") = "LoggingFacility", "LoggingFacility\LoggingFacility.csproj", "{3DAE7C48-E745-43D3-8F36-DBC0E416A14F}"
EndProject
Project("{FAE04EC0-301F-11D3-BF4B-00C04F79EFBC}") = "Instrument", "Instrument\Instrument.csproj", "{D5998AB7-06BC-4088-A9E5-7BC366BE5680}"
EndProject
Project("{FAE04EC0-301F-11D3-BF4B-00C04F79EFBC}") = "Orders", "Orders\Orders.csproj", "{BBE8A11D-F189-4836-948E-C5B9ECA06F1A}"
EndProject
Project("{FAE04EC0-301F-11D3-BF4B-00C04F79EFBC}") = "Reject", "Reject\Reject.csproj", "{44BE8D9C-7223-4148-BED2-11C4C57577C4}"
EndProject
Global
	GlobalSection(SolutionConfigurationPlatforms) = preSolution
		Debug|Any CPU = Debug|Any CPU
		Release|Any CPU = Release|Any CPU
	EndGlobalSection
	GlobalSection(ProjectConfigurationPlatforms) = postSolution
		{A768ADB2-1DFC-4747-8DD2-3A44EFADFB5B}.Debug|Any CPU.ActiveCfg = Debug|Any CPU
		{A768ADB2-1DFC-4747-8DD2-3A44EFADFB5B}.Debug|Any CPU.Build.0 = Debug|Any CPU
		{A768ADB2-1DFC-4747-8DD2-3A44EFADFB5B}.Release|Any CPU.ActiveCfg = Release|Any CPU
		{A768ADB2-1DFC-4747-8DD2-3A44EFADFB5B}.Release|Any CPU.Build.0 = Release|Any CPU
		{3DAE7C48-E745-43D3-8F36-DBC0E416A14F}.Debug|Any CPU.ActiveCfg = Debug|Any CPU
		{3DAE7C48-E745-43D3-8F36-DBC0E416A14F}.Debug|Any CPU.Build.0 = Debug|Any CPU
		{3DAE7C48-E745-43D3-8F36-DBC0E416A14F}.Release|Any CPU.ActiveCfg = Release|Any CPU
		{3DAE7C48-E745-43D3-8F36-DBC0E416A14F}.Release|Any CPU.Build.0 = Release|Any CPU
		{D5998AB7-06BC-4088-A9E5-7BC366BE5680}.Debug|Any CPU.ActiveCfg = Debug|Any CPU
		{D5998AB7-06BC-4088-A9E5-7BC366BE5680}.Debug|Any CPU.Build.0 = Debug|Any CPU
		{D5998AB7-06BC-4088-A9E5-7BC366BE5680}.Release|Any CPU.ActiveCfg = Release|Any CPU
		{D5998AB7-06BC-4088-A9E5-7BC366BE5680}.Release|Any CPU.Build.0 = Release|Any CPU
		{BBE8A11D-F189-4836-948E-C5B9ECA06F1A}.Debug|Any CPU.ActiveCfg = Debug|Any CPU
		{BBE8A11D-F189-4836-948E-C5B9ECA06F1A}.Debug|Any CPU.Build.0 = Debug|Any CPU
		{BBE8A11D-F189-4836-948E-C5B9ECA06F1A}.Release|Any CPU.ActiveCfg = Release|Any CPU
		{BBE8A11D-F189-4836-948E-C5B9ECA06F1A}.Release|Any CPU.Build.0 = Release|Any CPU
		{44BE8D9C-7223-4148-BED2-11C4C57577C4}.Debug|Any CPU.ActiveCfg = Debug|Any CPU
		{44BE8D9C-7223-4148-BED2-11C4C57577C4}.Debug|Any CPU.Build.0 = Debug|Any CPU
		{44BE8D9C-7223-4148-BED2-11C4C57577C4}.Release|Any CPU.ActiveCfg = Release|Any CPU
		{44BE8D9C-7223-4148-BED2-11C4C57577C4}.Release|Any CPU.Build.0 = Release|Any CPU
	EndGlobalSection
	GlobalSection(SolutionProperties) = preSolution
		HideSolutionNode = FALSE
	EndGlobalSection
	GlobalSection(ExtensibilityGlobals) = postSolution
		SolutionGuid = {4C162AF8-26C4-4263-925B-606E47E20504}
	EndGlobalSection
EndGlobal
